{
  "status": "OK",
  "source": "cache",
  "origin": "Philadelphia,PA",
  "cuisine": "italian",
  "center": {
    "lat": 39.9525839,
    "lng": -75.1652215
  },
  "originLocation": {
    "lat": 39.9525839,
    "lng": -75.1652215
  },
  "clusterCenter": {
    "lat": 39.943455,
    "lng": -75.160311
  },
  "clusterDistance": {
    "meters": 1098,
    "text": "1.1 km"
  },
  "results": [
    {
      "name": "The Victor Café",
      "rating": 4.8,
      "user_ratings_total": 1755,
      "vicinity": "1303 Dickinson St, Philadelphia",
      "place_id": "ChIJsTSGghrGxokRI2egPU4sCOI",
      "price_level": 3,
      "open_now": false,
      "location": {
        "lat": 39.9315591,
        "lng": -75.166319
      }
    },
    {
      "name": "Osteria Ama Philly",
      "rating": 4.8,
      "user_ratings_total": 1457,
      "vicinity": "1905 Chestnut St, Philadelphia",
      "place_id": "ChIJ6SuyUYrHxokR-4BpMK0WIiM",
      "price_level": 2,
      "open_now": false,
      "location": {
        "lat": 39.9520555,
        "lng": -75.1721628
      }
    },
    {
      "name": "L'Angolo Ristorante",
      "rating": 4.8,
      "user_ratings_total": 681,
      "vicinity": "1415 W Porter St, Philadelphia",
      "place_id": "ChIJeciRBeLFxokR27sxVM-hz7U",
      "price_level": 2,
      "open_now": false,
      "location": {
        "lat": 39.9196271,
        "lng": -75.1714037
      }
    },
    {
      "name": "Saloon Restaurant",
      "rating": 4.7,
      "user_ratings_total": 773,
      "vicinity": "750 S 7th St, Philadelphia",
      "place_id": "ChIJsa4JeCDGxokRNQIGOE23MRg",
      "price_level": 3,
      "open_now": false,
      "location": {
        "lat": 39.9398657,
        "lng": -75.15456089999999
      }
    },
    {
      "name": "Dante & Luigi's",
      "rating": 4.7,
      "user_ratings_total": 1054,
      "vicinity": "762 S 10th St, Philadelphia",
      "place_id": "ChIJVeUMlCHGxokRdP2paCKlYn8",
      "price_level": 3,
      "open_now": false,
      "location": {
        "lat": 39.9400781,
        "lng": -75.15946269999999
      }
    },
    {
      "name": "La Nonna",
      "rating": 4.7,
      "user_ratings_total": 269,
      "vicinity": "214 South St, Philadelphia",
      "place_id": "ChIJR_sXcZnIxokRI6dOYPg_CfU",
      "open_now": false,
      "location": {
        "lat": 39.9411729,
        "lng": -75.1462014
      }
    },
    {
      "name": "Gran Caffe L'Aquila",
      "rating": 4.6,
      "user_ratings_total": 3219,
      "vicinity": "1716 Chestnut St, Philadelphia",
      "place_id": "ChIJJVpz9DDGxokRt3_x8-dzlsA",
      "price_level": 2,
      "open_now": true,
      "location": {
        "lat": 39.9514635,
        "lng": -75.16948330000001
      }
    },
    {
      "name": "Villa di Roma",
      "rating": 4.6,
      "user_ratings_total": 1190,
      "vicinity": "936 S 9th St, Philadelphia",
      "place_id": "ChIJcYrCeh_GxokR94IQwQE3lUw",
      "price_level": 2,
      "open_now": false,
      "location": {
        "lat": 39.9379368,
        "lng": -75.1581631
      }
    },
    {
      "name": "Wm. Mulherin’s Sons",
      "rating": 4.6,
      "user_ratings_total": 1640,
      "vicinity": "1355 N Front St, Philadelphia",
      "place_id": "ChIJ16gEx2vIxokRpFQKJwJWOZQ",
      "open_now": false,
      "location": {
        "lat": 39.97174,
        "lng": -75.13504230000001
      }
    },
    {
      "name": "Via Locusta",
      "rating": 4.5,
      "user_ratings_total": 711,
      "vicinity": "1723 Locust St, Philadelphia",
      "place_id": "ChIJX6c5BajHxokRW4G0y0ZU4q4",
      "open_now": true,
      "location": {
        "lat": 39.9490546,
        "lng": -75.1703084
      }
    }
  ]
}